
Microsoft Visual Studio Solution File, Format Version 12.00
# Visual Studio 14
VisualStudioVersion = 14.0.25123.0
MinimumVisualStudioVersion = 10.0.40219.1
Project("{FAE04EC0-301F-11D3-BF4B-00C04F79EFBC}") = "MergeSort", "MergeSort\MergeSort.csproj", "{28255089-A37E-47AD-8580-BE7A83856A84}"
EndProject
Project("{FAE04EC0-301F-11D3-BF4B-00C04F79EFBC}") = "MergeSortTests", "MergeSortTests\MergeSortTests.csproj", "{D9506E16-5749-4601-84E7-A2A88D7DDFEC}"
EndProject
Global
	GlobalSection(SolutionConfigurationPlatforms) = preSolution
		Debug|Any CPU = Debug|Any CPU
		Release|Any CPU = Release|Any CPU
	EndGlobalSection
	GlobalSection(ProjectConfigurationPlatforms) = postSolution
		{28255089-A37E-47AD-8580-BE7A83856A84}.Debug|Any CPU.ActiveCfg = Debug|Any CPU
		{28255089-A37E-47AD-8580-BE7A83856A84}.Debug|Any CPU.Build.0 = Debug|Any CPU
		{28255089-A37E-47AD-8580-BE7A83856A84}.Release|Any CPU.ActiveCfg = Release|Any CPU
		{28255089-A37E-47AD-8580-BE7A83856A84}.Release|Any CPU.Build.0 = Release|Any CPU
		{D9506E16-5749-4601-84E7-A2A88D7DDFEC}.Debug|Any CPU.ActiveCfg = Debug|Any CPU
		{D9506E16-5749-4601-84E7-A2A88D7DDFEC}.Debug|Any CPU.Build.0 = Debug|Any CPU
		{D9506E16-5749-4601-84E7-A2A88D7DDFEC}.Release|Any CPU.ActiveCfg = Release|Any CPU
		{D9506E16-5749-4601-84E7-A2A88D7DDFEC}.Release|Any CPU.Build.0 = Release|Any CPU
	EndGlobalSection
	GlobalSection(SolutionProperties) = preSolution
		HideSolutionNode = FALSE
	EndGlobalSection
EndGlobal
